
Microsoft Visual Studio Solution File, Format Version 12.00
# Visual Studio 2015
Project("{FAE04EC0-301F-11D3-BF4B-00C04F79EFBC}") = "Gravity Lens", "Gravity Lens.csproj", "{EF1B8434-DC91-64A2-3B00-64CD4ABFD10C}"
EndProject
Global
	GlobalSection(SolutionConfigurationPlatforms) = preSolution
		Debug|Any CPU = Debug|Any CPU
		Release|Any CPU = Release|Any CPU
	EndGlobalSection
	GlobalSection(ProjectConfigurationPlatforms) = postSolution
		{EF1B8434-DC91-64A2-3B00-64CD4ABFD10C}.Debug|Any CPU.ActiveCfg = Debug|Any CPU
		{EF1B8434-DC91-64A2-3B00-64CD4ABFD10C}.Debug|Any CPU.Build.0 = Debug|Any CPU
		{EF1B8434-DC91-64A2-3B00-64CD4ABFD10C}.Release|Any CPU.ActiveCfg = Release|Any CPU
		{EF1B8434-DC91-64A2-3B00-64CD4ABFD10C}.Release|Any CPU.Build.0 = Release|Any CPU
	EndGlobalSection
	GlobalSection(SolutionProperties) = preSolution
		HideSolutionNode = FALSE
	EndGlobalSection
EndGlobal
